<Solution>
  <Project Path="StoreManagementAppService/StoreManagementAppService.csproj" Id="509cbd7c-447f-4083-a48e-23115c3c724d" />
  <Project Path="StoreManagementDataService/StoreManagementDataService.csproj" />
  <Project Path="StoreManagementModels/StoreManagementModels.csproj" />
  <Project Path="WatsonsStoreManagement.csproj" />
</Solution>
